
Microsoft Visual Studio Solution File, Format Version 12.00
# Visual Studio 15
VisualStudioVersion = 15.0.28010.2036
MinimumVisualStudioVersion = 10.0.40219.1
Project("{FAE04EC0-301F-11D3-BF4B-00C04F79EFBC}") = "WindowsFormsApp1", "WindowsFormsApp1\WindowsFormsApp1.csproj", "{7D05549A-F782-4B4A-A54D-96ADFCE8DCD3}"
EndProject
Global
	GlobalSection(SolutionConfigurationPlatforms) = preSolution
		Debug|Any CPU = Debug|Any CPU
		Release|Any CPU = Release|Any CPU
	EndGlobalSection
	GlobalSection(ProjectConfigurationPlatforms) = postSolution
		{7D05549A-F782-4B4A-A54D-96ADFCE8DCD3}.Debug|Any CPU.ActiveCfg = Debug|Any CPU
		{7D05549A-F782-4B4A-A54D-96ADFCE8DCD3}.Debug|Any CPU.Build.0 = Debug|Any CPU
		{7D05549A-F782-4B4A-A54D-96ADFCE8DCD3}.Release|Any CPU.ActiveCfg = Release|Any CPU
		{7D05549A-F782-4B4A-A54D-96ADFCE8DCD3}.Release|Any CPU.Build.0 = Release|Any CPU
	EndGlobalSection
	GlobalSection(SolutionProperties) = preSolution
		HideSolutionNode = FALSE
	EndGlobalSection
	GlobalSection(ExtensibilityGlobals) = postSolution
		SolutionGuid = {FFCAE1BF-9E5D-48DA-ADC6-DD20D54C25F5}
	EndGlobalSection
EndGlobal
